// !$*UTF8*$!
{
	archiveVersion = 1;
	classes = {
	};
	objectVersion = 56;
	objects = {

/* Begin PBXBuildFile section */
		832931C12A84EF3B0002B308 /* AppDelegate.swift in Sources */ = {isa = PBXBuildFile; fileRef = 832931C02A84EF3B0002B308 /* AppDelegate.swift */; };
		832931C32A84EF3B0002B308 /* SceneDelegate.swift in Sources */ = {isa = PBXBuildFile; fileRef = 832931C22A84EF3B0002B308 /* SceneDelegate.swift */; };
		832931C52A84EF3B0002B308 /* PhotosViewController.swift in Sources */ = {isa = PBXBuildFile; fileRef = 832931C42A84EF3B0002B308 /* PhotosViewController.swift */; };
		832931CA2A84EF3C0002B308 /* Assets.xcassets in Resources */ = {isa = PBXBuildFile; fileRef = 832931C92A84EF3C0002B308 /* Assets.xcassets */; };
		832931CD2A84EF3C0002B308 /* LaunchScreen.storyboard in Resources */ = {isa = PBXBuildFile; fileRef = 832931CB2A84EF3C0002B308 /* LaunchScreen.storyboard */; };
		832931F52A84F05E0002B308 /* CoreSDK in Resources */ = {isa = PBXBuildFile; fileRef = 832931F42A84F05E0002B308 /* CoreSDK */; };
		832931F82A84F0AC0002B308 /* CoreSDK in Frameworks */ = {isa = PBXBuildFile; productRef = 832931F72A84F0AC0002B308 /* CoreSDK */; };
		832931FC2A84FF230002B308 /* PhotosView.swift in Sources */ = {isa = PBXBuildFile; fileRef = 832931FB2A84FF230002B308 /* PhotosView.swift */; };
		832931FE2A8509C40002B308 /* PhotoCardView.swift in Sources */ = {isa = PBXBuildFile; fileRef = 832931FD2A8509C40002B308 /* PhotoCardView.swift */; };
		832932012A8509F40002B308 /* Kingfisher in Frameworks */ = {isa = PBXBuildFile; productRef = 832932002A8509F40002B308 /* Kingfisher */; };
		832932032A85100E0002B308 /* PhotosViewModel.swift in Sources */ = {isa = PBXBuildFile; fileRef = 832932022A85100E0002B308 /* PhotosViewModel.swift */; };
		832932062A8510BD0002B308 /* UIView-Ext.swift in Sources */ = {isa = PBXBuildFile; fileRef = 832932052A8510BD0002B308 /* UIView-Ext.swift */; };
		832932082A85115F0002B308 /* AppCoordinator.swift in Sources */ = {isa = PBXBuildFile; fileRef = 832932072A85115F0002B308 /* AppCoordinator.swift */; };
		8329320C2A8514F00002B308 /* PhotosService.swift in Sources */ = {isa = PBXBuildFile; fileRef = 8329320B2A8514F00002B308 /* PhotosService.swift */; };
		8329320F2A8517380002B308 /* Logger-Ext.swift in Sources */ = {isa = PBXBuildFile; fileRef = 8329320E2A8517380002B308 /* Logger-Ext.swift */; };
		832932112A8537A90002B308 /* PhotoInfoBarView.swift in Sources */ = {isa = PBXBuildFile; fileRef = 832932102A8537A90002B308 /* PhotoInfoBarView.swift */; };
		832932142A85478C0002B308 /* PhotoDetailView.swift in Sources */ = {isa = PBXBuildFile; fileRef = 832932132A85478C0002B308 /* PhotoDetailView.swift */; };
		832932172A8578C00002B308 /* PhotosCoordinator.swift in Sources */ = {isa = PBXBuildFile; fileRef = 832932162A8578C00002B308 /* PhotosCoordinator.swift */; };
		8329321A2A8578EF0002B308 /* FlowCoordinating.swift in Sources */ = {isa = PBXBuildFile; fileRef = 832932192A8578EF0002B308 /* FlowCoordinating.swift */; };
		8329321C2A857A6F0002B308 /* PhotoDetailViewModel.swift in Sources */ = {isa = PBXBuildFile; fileRef = 8329321B2A857A6F0002B308 /* PhotoDetailViewModel.swift */; };
		8329321E2A857C4D0002B308 /* PhotoDetailViewController.swift in Sources */ = {isa = PBXBuildFile; fileRef = 8329321D2A857C4D0002B308 /* PhotoDetailViewController.swift */; };
		832932222A85875E0002B308 /* AppCoordinatorTests.swift in Sources */ = {isa = PBXBuildFile; fileRef = 832932212A85875E0002B308 /* AppCoordinatorTests.swift */; };
		832932252A8588E70002B308 /* MockPhotosCoordinator.swift in Sources */ = {isa = PBXBuildFile; fileRef = 832932242A8588E70002B308 /* MockPhotosCoordinator.swift */; };
		832932272A85899F0002B308 /* PhotosCoordinatorTests.swift in Sources */ = {isa = PBXBuildFile; fileRef = 832932262A85899F0002B308 /* PhotosCoordinatorTests.swift */; };
		832932292A858B700002B308 /* PhotosViewModelTests.swift in Sources */ = {isa = PBXBuildFile; fileRef = 832932282A858B700002B308 /* PhotosViewModelTests.swift */; };
		8329322B2A858BA00002B308 /* MockPhotosService.swift in Sources */ = {isa = PBXBuildFile; fileRef = 8329322A2A858BA00002B308 /* MockPhotosService.swift */; };
/* End PBXBuildFile section */

/* Begin PBXContainerItemProxy section */
		832931D42A84EF3C0002B308 /* PBXContainerItemProxy */ = {
			isa = PBXContainerItemProxy;
			containerPortal = 832931B52A84EF3B0002B308 /* Project object */;
			proxyType = 1;
			remoteGlobalIDString = 832931BC2A84EF3B0002B308;
			remoteInfo = "bnts-code";
		};
/* End PBXContainerItemProxy section */

/* Begin PBXFileReference section */
		832931BD2A84EF3B0002B308 /* bnts-code.app */ = {isa = PBXFileReference; explicitFileType = wrapper.application; includeInIndex = 0; path = "bnts-code.app"; sourceTree = BUILT_PRODUCTS_DIR; };
		832931C02A84EF3B0002B308 /* AppDelegate.swift */ = {isa = PBXFileReference; lastKnownFileType = sourcecode.swift; path = AppDelegate.swift; sourceTree = "<group>"; };
		832931C22A84EF3B0002B308 /* SceneDelegate.swift */ = {isa = PBXFileReference; lastKnownFileType = sourcecode.swift; path = SceneDelegate.swift; sourceTree = "<group>"; };
		832931C42A84EF3B0002B308 /* PhotosViewController.swift */ = {isa = PBXFileReference; lastKnownFileType = sourcecode.swift; path = PhotosViewController.swift; sourceTree = "<group>"; };
		832931C92A84EF3C0002B308 /* Assets.xcassets */ = {isa = PBXFileReference; lastKnownFileType = folder.assetcatalog; path = Assets.xcassets; sourceTree = "<group>"; };
		832931CC2A84EF3C0002B308 /* Base */ = {isa = PBXFileReference; lastKnownFileType = file.storyboard; name = Base; path = Base.lproj/LaunchScreen.storyboard; sourceTree = "<group>"; };
		832931CE2A84EF3C0002B308 /* Info.plist */ = {isa = PBXFileReference; lastKnownFileType = text.plist.xml; path = Info.plist; sourceTree = "<group>"; };
		832931D32A84EF3C0002B308 /* bnts-codeTests.xctest */ = {isa = PBXFileReference; explicitFileType = wrapper.cfbundle; includeInIndex = 0; path = "bnts-codeTests.xctest"; sourceTree = BUILT_PRODUCTS_DIR; };
		832931F42A84F05E0002B308 /* CoreSDK */ = {isa = PBXFileReference; lastKnownFileType = wrapper; path = CoreSDK; sourceTree = "<group>"; };
		832931FB2A84FF230002B308 /* PhotosView.swift */ = {isa = PBXFileReference; lastKnownFileType = sourcecode.swift; path = PhotosView.swift; sourceTree = "<group>"; };
		832931FD2A8509C40002B308 /* PhotoCardView.swift */ = {isa = PBXFileReference; lastKnownFileType = sourcecode.swift; path = PhotoCardView.swift; sourceTree = "<group>"; };
		832932022A85100E0002B308 /* PhotosViewModel.swift */ = {isa = PBXFileReference; lastKnownFileType = sourcecode.swift; path = PhotosViewModel.swift; sourceTree = "<group>"; };
		832932052A8510BD0002B308 /* UIView-Ext.swift */ = {isa = PBXFileReference; lastKnownFileType = sourcecode.swift; path = "UIView-Ext.swift"; sourceTree = "<group>"; };
		832932072A85115F0002B308 /* AppCoordinator.swift */ = {isa = PBXFileReference; lastKnownFileType = sourcecode.swift; path = AppCoordinator.swift; sourceTree = "<group>"; };
		8329320B2A8514F00002B308 /* PhotosService.swift */ = {isa = PBXFileReference; lastKnownFileType = sourcecode.swift; path = PhotosService.swift; sourceTree = "<group>"; };
		8329320E2A8517380002B308 /* Logger-Ext.swift */ = {isa = PBXFileReference; lastKnownFileType = sourcecode.swift; path = "Logger-Ext.swift"; sourceTree = "<group>"; };
		832932102A8537A90002B308 /* PhotoInfoBarView.swift */ = {isa = PBXFileReference; lastKnownFileType = sourcecode.swift; path = PhotoInfoBarView.swift; sourceTree = "<group>"; };
		832932132A85478C0002B308 /* PhotoDetailView.swift */ = {isa = PBXFileReference; lastKnownFileType = sourcecode.swift; path = PhotoDetailView.swift; sourceTree = "<group>"; };
		832932162A8578C00002B308 /* PhotosCoordinator.swift */ = {isa = PBXFileReference; lastKnownFileType = sourcecode.swift; path = PhotosCoordinator.swift; sourceTree = "<group>"; };
		832932192A8578EF0002B308 /* FlowCoordinating.swift */ = {isa = PBXFileReference; lastKnownFileType = sourcecode.swift; path = FlowCoordinating.swift; sourceTree = "<group>"; };
		8329321B2A857A6F0002B308 /* PhotoDetailViewModel.swift */ = {isa = PBXFileReference; lastKnownFileType = sourcecode.swift; path = PhotoDetailViewModel.swift; sourceTree = "<group>"; };
		8329321D2A857C4D0002B308 /* PhotoDetailViewController.swift */ = {isa = PBXFileReference; lastKnownFileType = sourcecode.swift; path = PhotoDetailViewController.swift; sourceTree = "<group>"; };
		832932212A85875E0002B308 /* AppCoordinatorTests.swift */ = {isa = PBXFileReference; lastKnownFileType = sourcecode.swift; path = AppCoordinatorTests.swift; sourceTree = "<group>"; };
		832932242A8588E70002B308 /* MockPhotosCoordinator.swift */ = {isa = PBXFileReference; lastKnownFileType = sourcecode.swift; path = MockPhotosCoordinator.swift; sourceTree = "<group>"; };
		832932262A85899F0002B308 /* PhotosCoordinatorTests.swift */ = {isa = PBXFileReference; lastKnownFileType = sourcecode.swift; path = PhotosCoordinatorTests.swift; sourceTree = "<group>"; };
		832932282A858B700002B308 /* PhotosViewModelTests.swift */ = {isa = PBXFileReference; lastKnownFileType = sourcecode.swift; path = PhotosViewModelTests.swift; sourceTree = "<group>"; };
		8329322A2A858BA00002B308 /* MockPhotosService.swift */ = {isa = PBXFileReference; lastKnownFileType = sourcecode.swift; path = MockPhotosService.swift; sourceTree = "<group>"; };
/* End PBXFileReference section */

/* Begin PBXFrameworksBuildPhase section */
		832931BA2A84EF3B0002B308 /* Frameworks */ = {
			isa = PBXFrameworksBuildPhase;
			buildActionMask = 2147483647;
			files = (
				832932012A8509F40002B308 /* Kingfisher in Frameworks */,
				832931F82A84F0AC0002B308 /* CoreSDK in Frameworks */,
			);
			runOnlyForDeploymentPostprocessing = 0;
		};
		832931D02A84EF3C0002B308 /* Frameworks */ = {
			isa = PBXFrameworksBuildPhase;
			buildActionMask = 2147483647;
			files = (
			);
			runOnlyForDeploymentPostprocessing = 0;
		};
/* End PBXFrameworksBuildPhase section */

/* Begin PBXGroup section */
		832931B42A84EF3B0002B308 = {
			isa = PBXGroup;
			children = (
				832931F32A84F05E0002B308 /* Packages */,
				832931BF2A84EF3B0002B308 /* bnts-code */,
				832931D62A84EF3C0002B308 /* bnts-codeTests */,
				832931BE2A84EF3B0002B308 /* Products */,
				832931F62A84F09D0002B308 /* Frameworks */,
			);
			sourceTree = "<group>";
		};
		832931BE2A84EF3B0002B308 /* Products */ = {
			isa = PBXGroup;
			children = (
				832931BD2A84EF3B0002B308 /* bnts-code.app */,
				832931D32A84EF3C0002B308 /* bnts-codeTests.xctest */,
			);
			name = Products;
			sourceTree = "<group>";
		};
		832931BF2A84EF3B0002B308 /* bnts-code */ = {
			isa = PBXGroup;
			children = (
				832932182A8578E50002B308 /* Utils */,
				832932042A8510AC0002B308 /* Extensitions */,
				832931F92A84FEFA0002B308 /* Scenes */,
				8329322E2A8596830002B308 /* AppLaunch */,
				832931C92A84EF3C0002B308 /* Assets.xcassets */,
				832931CB2A84EF3C0002B308 /* LaunchScreen.storyboard */,
				832931CE2A84EF3C0002B308 /* Info.plist */,
			);
			path = "bnts-code";
			sourceTree = "<group>";
		};
		832931D62A84EF3C0002B308 /* bnts-codeTests */ = {
			isa = PBXGroup;
			children = (
				832932232A8588DC0002B308 /* Mocks */,
				832932212A85875E0002B308 /* AppCoordinatorTests.swift */,
				832932262A85899F0002B308 /* PhotosCoordinatorTests.swift */,
				832932282A858B700002B308 /* PhotosViewModelTests.swift */,
			);
			path = "bnts-codeTests";
			sourceTree = "<group>";
		};
		832931F32A84F05E0002B308 /* Packages */ = {
			isa = PBXGroup;
			children = (
				832931F42A84F05E0002B308 /* CoreSDK */,
			);
			path = Packages;
			sourceTree = "<group>";
		};
		832931F62A84F09D0002B308 /* Frameworks */ = {
			isa = PBXGroup;
			children = (
			);
			name = Frameworks;
			sourceTree = "<group>";
		};
		832931F92A84FEFA0002B308 /* Scenes */ = {
			isa = PBXGroup;
			children = (
				832932122A8547780002B308 /* PhotoDetail */,
				832931FA2A84FF140002B308 /* Photos */,
			);
			path = Scenes;
			sourceTree = "<group>";
		};
		832931FA2A84FF140002B308 /* Photos */ = {
			isa = PBXGroup;
			children = (
				832932152A8578B40002B308 /* Coordinator */,
				832932092A8514BD0002B308 /* View */,
				8329320A2A8514C40002B308 /* ViewModel */,
				8329320D2A8514F40002B308 /* Service */,
			);
			path = Photos;
			sourceTree = "<group>";
		};
		832932042A8510AC0002B308 /* Extensitions */ = {
			isa = PBXGroup;
			children = (
				832932052A8510BD0002B308 /* UIView-Ext.swift */,
				8329320E2A8517380002B308 /* Logger-Ext.swift */,
			);
			path = Extensitions;
			sourceTree = "<group>";
		};
		832932092A8514BD0002B308 /* View */ = {
			isa = PBXGroup;
			children = (
				832931C42A84EF3B0002B308 /* PhotosViewController.swift */,
				832931FB2A84FF230002B308 /* PhotosView.swift */,
				832931FD2A8509C40002B308 /* PhotoCardView.swift */,
				832932102A8537A90002B308 /* PhotoInfoBarView.swift */,
			);
			path = View;
			sourceTree = "<group>";
		};
		8329320A2A8514C40002B308 /* ViewModel */ = {
			isa = PBXGroup;
			children = (
				832932022A85100E0002B308 /* PhotosViewModel.swift */,
			);
			path = ViewModel;
			sourceTree = "<group>";
		};
		8329320D2A8514F40002B308 /* Service */ = {
			isa = PBXGroup;
			children = (
				8329320B2A8514F00002B308 /* PhotosService.swift */,
			);
			path = Service;
			sourceTree = "<group>";
		};
		832932122A8547780002B308 /* PhotoDetail */ = {
			isa = PBXGroup;
			children = (
				8329321F2A857CA10002B308 /* View */,
				832932202A857CA80002B308 /* ViewModel */,
			);
			path = PhotoDetail;
			sourceTree = "<group>";
		};
		832932152A8578B40002B308 /* Coordinator */ = {
			isa = PBXGroup;
			children = (
				832932162A8578C00002B308 /* PhotosCoordinator.swift */,
			);
			path = Coordinator;
			sourceTree = "<group>";
		};
		832932182A8578E50002B308 /* Utils */ = {
			isa = PBXGroup;
			children = (
				832932192A8578EF0002B308 /* FlowCoordinating.swift */,
			);
			path = Utils;
			sourceTree = "<group>";
		};
		8329321F2A857CA10002B308 /* View */ = {
			isa = PBXGroup;
			children = (
				832932132A85478C0002B308 /* PhotoDetailView.swift */,
				8329321D2A857C4D0002B308 /* PhotoDetailViewController.swift */,
			);
			path = View;
			sourceTree = "<group>";
		};
		832932202A857CA80002B308 /* ViewModel */ = {
			isa = PBXGroup;
			children = (
				8329321B2A857A6F0002B308 /* PhotoDetailViewModel.swift */,
			);
			path = ViewModel;
			sourceTree = "<group>";
		};
		832932232A8588DC0002B308 /* Mocks */ = {
			isa = PBXGroup;
			children = (
				832932242A8588E70002B308 /* MockPhotosCoordinator.swift */,
				8329322A2A858BA00002B308 /* MockPhotosService.swift */,
			);
			path = Mocks;
			sourceTree = "<group>";
		};
		8329322E2A8596830002B308 /* AppLaunch */ = {
			isa = PBXGroup;
			children = (
				832931C02A84EF3B0002B308 /* AppDelegate.swift */,
				832931C22A84EF3B0002B308 /* SceneDelegate.swift */,
				832932072A85115F0002B308 /* AppCoordinator.swift */,
			);
			path = AppLaunch;
			sourceTree = "<group>";
		};
/* End PBXGroup section */

/* Begin PBXNativeTarget section */
		832931BC2A84EF3B0002B308 /* bnts-code */ = {
			isa = PBXNativeTarget;
			buildConfigurationList = 832931E72A84EF3C0002B308 /* Build configuration list for PBXNativeTarget "bnts-code" */;
			buildPhases = (
				832931B92A84EF3B0002B308 /* Sources */,
				832931BA2A84EF3B0002B308 /* Frameworks */,
				832931BB2A84EF3B0002B308 /* Resources */,
			);
			buildRules = (
			);
			dependencies = (
			);
			name = "bnts-code";
			packageProductDependencies = (
				832931F72A84F0AC0002B308 /* CoreSDK */,
				832932002A8509F40002B308 /* Kingfisher */,
			);
			productName = "bnts-code";
			productReference = 832931BD2A84EF3B0002B308 /* bnts-code.app */;
			productType = "com.apple.product-type.application";
		};
		832931D22A84EF3C0002B308 /* bnts-codeTests */ = {
			isa = PBXNativeTarget;
			buildConfigurationList = 832931EA2A84EF3C0002B308 /* Build configuration list for PBXNativeTarget "bnts-codeTests" */;
			buildPhases = (
				832931CF2A84EF3C0002B308 /* Sources */,
				832931D02A84EF3C0002B308 /* Frameworks */,
				832931D12A84EF3C0002B308 /* Resources */,
			);
			buildRules = (
			);
			dependencies = (
				832931D52A84EF3C0002B308 /* PBXTargetDependency */,
			);
			name = "bnts-codeTests";
			productName = "bnts-codeTests";
			productReference = 832931D32A84EF3C0002B308 /* bnts-codeTests.xctest */;
			productType = "com.apple.product-type.bundle.unit-test";
		};
/* End PBXNativeTarget section */

/* Begin PBXProject section */
		832931B52A84EF3B0002B308 /* Project object */ = {
			isa = PBXProject;
			attributes = {
				BuildIndependentTargetsInParallel = 1;
				LastSwiftUpdateCheck = 1430;
				LastUpgradeCheck = 1430;
				TargetAttributes = {
					832931BC2A84EF3B0002B308 = {
						CreatedOnToolsVersion = 14.3;
					};
					832931D22A84EF3C0002B308 = {
						CreatedOnToolsVersion = 14.3;
						TestTargetID = 832931BC2A84EF3B0002B308;
					};
				};
			};
			buildConfigurationList = 832931B82A84EF3B0002B308 /* Build configuration list for PBXProject "bnts-code" */;
			compatibilityVersion = "Xcode 14.0";
			developmentRegion = en;
			hasScannedForEncodings = 0;
			knownRegions = (
				en,
				Base,
			);
			mainGroup = 832931B42A84EF3B0002B308;
			packageReferences = (
				832931FF2A8509F30002B308 /* XCRemoteSwiftPackageReference "Kingfisher" */,
			);
			productRefGroup = 832931BE2A84EF3B0002B308 /* Products */;
			projectDirPath = "";
			projectRoot = "";
			targets = (
				832931BC2A84EF3B0002B308 /* bnts-code */,
				832931D22A84EF3C0002B308 /* bnts-codeTests */,
			);
		};
/* End PBXProject section */

/* Begin PBXResourcesBuildPhase section */
		832931BB2A84EF3B0002B308 /* Resources */ = {
			isa = PBXResourcesBuildPhase;
			buildActionMask = 2147483647;
			files = (
				832931CD2A84EF3C0002B308 /* LaunchScreen.storyboard in Resources */,
				832931CA2A84EF3C0002B308 /* Assets.xcassets in Resources */,
				832931F52A84F05E0002B308 /* CoreSDK in Resources */,
			);
			runOnlyForDeploymentPostprocessing = 0;
		};
		832931D12A84EF3C0002B308 /* Resources */ = {
			isa = PBXResourcesBuildPhase;
			buildActionMask = 2147483647;
			files = (
			);
			runOnlyForDeploymentPostprocessing = 0;
		};
/* End PBXResourcesBuildPhase section */

/* Begin PBXSourcesBuildPhase section */
		832931B92A84EF3B0002B308 /* Sources */ = {
			isa = PBXSourcesBuildPhase;
			buildActionMask = 2147483647;
			files = (
				832931C52A84EF3B0002B308 /* PhotosViewController.swift in Sources */,
				8329320F2A8517380002B308 /* Logger-Ext.swift in Sources */,
				8329320C2A8514F00002B308 /* PhotosService.swift in Sources */,
				832931C12A84EF3B0002B308 /* AppDelegate.swift in Sources */,
				832932062A8510BD0002B308 /* UIView-Ext.swift in Sources */,
				832931FE2A8509C40002B308 /* PhotoCardView.swift in Sources */,
				8329321E2A857C4D0002B308 /* PhotoDetailViewController.swift in Sources */,
				832932082A85115F0002B308 /* AppCoordinator.swift in Sources */,
				832931C32A84EF3B0002B308 /* SceneDelegate.swift in Sources */,
				8329321A2A8578EF0002B308 /* FlowCoordinating.swift in Sources */,
				8329321C2A857A6F0002B308 /* PhotoDetailViewModel.swift in Sources */,
				832932142A85478C0002B308 /* PhotoDetailView.swift in Sources */,
				832932112A8537A90002B308 /* PhotoInfoBarView.swift in Sources */,
				832932032A85100E0002B308 /* PhotosViewModel.swift in Sources */,
				832931FC2A84FF230002B308 /* PhotosView.swift in Sources */,
				832932172A8578C00002B308 /* PhotosCoordinator.swift in Sources */,
			);
			runOnlyForDeploymentPostprocessing = 0;
		};
		832931CF2A84EF3C0002B308 /* Sources */ = {
			isa = PBXSourcesBuildPhase;
			buildActionMask = 2147483647;
			files = (
				832932252A8588E70002B308 /* MockPhotosCoordinator.swift in Sources */,
				832932292A858B700002B308 /* PhotosViewModelTests.swift in Sources */,
				832932222A85875E0002B308 /* AppCoordinatorTests.swift in Sources */,
				832932272A85899F0002B308 /* PhotosCoordinatorTests.swift in Sources */,
				8329322B2A858BA00002B308 /* MockPhotosService.swift in Sources */,
			);
			runOnlyForDeploymentPostprocessing = 0;
		};
/* End PBXSourcesBuildPhase section */

/* Begin PBXTargetDependency section */
		832931D52A84EF3C0002B308 /* PBXTargetDependency */ = {
			isa = PBXTargetDependency;
			target = 832931BC2A84EF3B0002B308 /* bnts-code */;
			targetProxy = 832931D42A84EF3C0002B308 /* PBXContainerItemProxy */;
		};
/* End PBXTargetDependency section */

/* Begin PBXVariantGroup section */
		832931CB2A84EF3C0002B308 /* LaunchScreen.storyboard */ = {
			isa = PBXVariantGroup;
			children = (
				832931CC2A84EF3C0002B308 /* Base */,
			);
			name = LaunchScreen.storyboard;
			sourceTree = "<group>";
		};
/* End PBXVariantGroup section */

/* Begin XCBuildConfiguration section */
		832931E52A84EF3C0002B308 /* Debug */ = {
			isa = XCBuildConfiguration;
			buildSettings = {
				ALWAYS_SEARCH_USER_PATHS = NO;
				CLANG_ANALYZER_NONNULL = YES;
				CLANG_ANALYZER_NUMBER_OBJECT_CONVERSION = YES_AGGRESSIVE;
				CLANG_CXX_LANGUAGE_STANDARD = "gnu++20";
				CLANG_ENABLE_MODULES = YES;
				CLANG_ENABLE_OBJC_ARC = YES;
				CLANG_ENABLE_OBJC_WEAK = YES;
				CLANG_WARN_BLOCK_CAPTURE_AUTORELEASING = YES;
				CLANG_WARN_BOOL_CONVERSION = YES;
				CLANG_WARN_COMMA = YES;
				CLANG_WARN_CONSTANT_CONVERSION = YES;
				CLANG_WARN_DEPRECATED_OBJC_IMPLEMENTATIONS = YES;
				CLANG_WARN_DIRECT_OBJC_ISA_USAGE = YES_ERROR;
				CLANG_WARN_DOCUMENTATION_COMMENTS = YES;
				CLANG_WARN_EMPTY_BODY = YES;
				CLANG_WARN_ENUM_CONVERSION = YES;
				CLANG_WARN_INFINITE_RECURSION = YES;
				CLANG_WARN_INT_CONVERSION = YES;
				CLANG_WARN_NON_LITERAL_NULL_CONVERSION = YES;
				CLANG_WARN_OBJC_IMPLICIT_RETAIN_SELF = YES;
				CLANG_WARN_OBJC_LITERAL_CONVERSION = YES;
				CLANG_WARN_OBJC_ROOT_CLASS = YES_ERROR;
				CLANG_WARN_QUOTED_INCLUDE_IN_FRAMEWORK_HEADER = YES;
				CLANG_WARN_RANGE_LOOP_ANALYSIS = YES;
				CLANG_WARN_STRICT_PROTOTYPES = YES;
				CLANG_WARN_SUSPICIOUS_MOVE = YES;
				CLANG_WARN_UNGUARDED_AVAILABILITY = YES_AGGRESSIVE;
				CLANG_WARN_UNREACHABLE_CODE = YES;
				CLANG_WARN__DUPLICATE_METHOD_MATCH = YES;
				COPY_PHASE_STRIP = NO;
				DEBUG_INFORMATION_FORMAT = dwarf;
				ENABLE_STRICT_OBJC_MSGSEND = YES;
				ENABLE_TESTABILITY = YES;
				GCC_C_LANGUAGE_STANDARD = gnu11;
				GCC_DYNAMIC_NO_PIC = NO;
				GCC_NO_COMMON_BLOCKS = YES;
				GCC_OPTIMIZATION_LEVEL = 0;
				GCC_PREPROCESSOR_DEFINITIONS = (
					"DEBUG=1",
					"$(inherited)",
				);
				GCC_WARN_64_TO_32_BIT_CONVERSION = YES;
				GCC_WARN_ABOUT_RETURN_TYPE = YES_ERROR;
				GCC_WARN_UNDECLARED_SELECTOR = YES;
				GCC_WARN_UNINITIALIZED_AUTOS = YES_AGGRESSIVE;
				GCC_WARN_UNUSED_FUNCTION = YES;
				GCC_WARN_UNUSED_VARIABLE = YES;
				IPHONEOS_DEPLOYMENT_TARGET = 16.4;
				MTL_ENABLE_DEBUG_INFO = INCLUDE_SOURCE;
				MTL_FAST_MATH = YES;
				ONLY_ACTIVE_ARCH = YES;
				SDKROOT = iphoneos;
				SWIFT_ACTIVE_COMPILATION_CONDITIONS = DEBUG;
				SWIFT_OPTIMIZATION_LEVEL = "-Onone";
			};
			name = Debug;
		};
		832931E62A84EF3C0002B308 /* Release */ = {
			isa = XCBuildConfiguration;
			buildSettings = {
				ALWAYS_SEARCH_USER_PATHS = NO;
				CLANG_ANALYZER_NONNULL = YES;
				CLANG_ANALYZER_NUMBER_OBJECT_CONVERSION = YES_AGGRESSIVE;
				CLANG_CXX_LANGUAGE_STANDARD = "gnu++20";
				CLANG_ENABLE_MODULES = YES;
				CLANG_ENABLE_OBJC_ARC = YES;
				CLANG_ENABLE_OBJC_WEAK = YES;
				CLANG_WARN_BLOCK_CAPTURE_AUTORELEASING = YES;
				CLANG_WARN_BOOL_CONVERSION = YES;
				CLANG_WARN_COMMA = YES;
				CLANG_WARN_CONSTANT_CONVERSION = YES;
				CLANG_WARN_DEPRECATED_OBJC_IMPLEMENTATIONS = YES;
				CLANG_WARN_DIRECT_OBJC_ISA_USAGE = YES_ERROR;
				CLANG_WARN_DOCUMENTATION_COMMENTS = YES;
				CLANG_WARN_EMPTY_BODY = YES;
				CLANG_WARN_ENUM_CONVERSION = YES;
				CLANG_WARN_INFINITE_RECURSION = YES;
				CLANG_WARN_INT_CONVERSION = YES;
				CLANG_WARN_NON_LITERAL_NULL_CONVERSION = YES;
				CLANG_WARN_OBJC_IMPLICIT_RETAIN_SELF = YES;
				CLANG_WARN_OBJC_LITERAL_CONVERSION = YES;
				CLANG_WARN_OBJC_ROOT_CLASS = YES_ERROR;
				CLANG_WARN_QUOTED_INCLUDE_IN_FRAMEWORK_HEADER = YES;
				CLANG_WARN_RANGE_LOOP_ANALYSIS = YES;
				CLANG_WARN_STRICT_PROTOTYPES = YES;
				CLANG_WARN_SUSPICIOUS_MOVE = YES;
				CLANG_WARN_UNGUARDED_AVAILABILITY = YES_AGGRESSIVE;
				CLANG_WARN_UNREACHABLE_CODE = YES;
				CLANG_WARN__DUPLICATE_METHOD_MATCH = YES;
				COPY_PHASE_STRIP = NO;
				DEBUG_INFORMATION_FORMAT = "dwarf-with-dsym";
				ENABLE_NS_ASSERTIONS = NO;
				ENABLE_STRICT_OBJC_MSGSEND = YES;
				GCC_C_LANGUAGE_STANDARD = gnu11;
				GCC_NO_COMMON_BLOCKS = YES;
				GCC_WARN_64_TO_32_BIT_CONVERSION = YES;
				GCC_WARN_ABOUT_RETURN_TYPE = YES_ERROR;
				GCC_WARN_UNDECLARED_SELECTOR = YES;
				GCC_WARN_UNINITIALIZED_AUTOS = YES_AGGRESSIVE;
				GCC_WARN_UNUSED_FUNCTION = YES;
				GCC_WARN_UNUSED_VARIABLE = YES;
				IPHONEOS_DEPLOYMENT_TARGET = 16.4;
				MTL_ENABLE_DEBUG_INFO = NO;
				MTL_FAST_MATH = YES;
				SDKROOT = iphoneos;
				SWIFT_COMPILATION_MODE = wholemodule;
				SWIFT_OPTIMIZATION_LEVEL = "-O";
				VALIDATE_PRODUCT = YES;
			};
			name = Release;
		};
		832931E82A84EF3C0002B308 /* Debug */ = {
			isa = XCBuildConfiguration;
			buildSettings = {
				ASSETCATALOG_COMPILER_APPICON_NAME = AppIcon;
				ASSETCATALOG_COMPILER_GLOBAL_ACCENT_COLOR_NAME = AccentColor;
				CODE_SIGN_STYLE = Automatic;
				CURRENT_PROJECT_VERSION = 1;
				DEVELOPMENT_TEAM = KMZPPZ6ZB8;
				GENERATE_INFOPLIST_FILE = YES;
				INFOPLIST_FILE = "bnts-code/Info.plist";
				INFOPLIST_KEY_UIApplicationSupportsIndirectInputEvents = YES;
				INFOPLIST_KEY_UILaunchStoryboardName = LaunchScreen;
				INFOPLIST_KEY_UIMainStoryboardFile = "";
				INFOPLIST_KEY_UISupportedInterfaceOrientations = UIInterfaceOrientationPortrait;
				LD_RUNPATH_SEARCH_PATHS = (
					"$(inherited)",
					"@executable_path/Frameworks",
				);
				MARKETING_VERSION = 1.0;
				PRODUCT_BUNDLE_IDENTIFIER = "com.appfex.bnts-code";
				PRODUCT_NAME = "$(TARGET_NAME)";
				SUPPORTED_PLATFORMS = "iphoneos iphonesimulator";
				SUPPORTS_MACCATALYST = NO;
				SUPPORTS_MAC_DESIGNED_FOR_IPHONE_IPAD = YES;
				SWIFT_EMIT_LOC_STRINGS = YES;
				SWIFT_VERSION = 5.0;
				TARGETED_DEVICE_FAMILY = 1;
			};
			name = Debug;
		};
		832931E92A84EF3C0002B308 /* Release */ = {
			isa = XCBuildConfiguration;
			buildSettings = {
				ASSETCATALOG_COMPILER_APPICON_NAME = AppIcon;
				ASSETCATALOG_COMPILER_GLOBAL_ACCENT_COLOR_NAME = AccentColor;
				CODE_SIGN_STYLE = Automatic;
				CURRENT_PROJECT_VERSION = 1;
				DEVELOPMENT_TEAM = KMZPPZ6ZB8;
				GENERATE_INFOPLIST_FILE = YES;
				INFOPLIST_FILE = "bnts-code/Info.plist";
				INFOPLIST_KEY_UIApplicationSupportsIndirectInputEvents = YES;
				INFOPLIST_KEY_UILaunchStoryboardName = LaunchScreen;
				INFOPLIST_KEY_UIMainStoryboardFile = "";
				INFOPLIST_KEY_UISupportedInterfaceOrientations = UIInterfaceOrientationPortrait;
				LD_RUNPATH_SEARCH_PATHS = (
					"$(inherited)",
					"@executable_path/Frameworks",
				);
				MARKETING_VERSION = 1.0;
				PRODUCT_BUNDLE_IDENTIFIER = "com.appfex.bnts-code";
				PRODUCT_NAME = "$(TARGET_NAME)";
				SUPPORTED_PLATFORMS = "iphoneos iphonesimulator";
				SUPPORTS_MACCATALYST = NO;
				SUPPORTS_MAC_DESIGNED_FOR_IPHONE_IPAD = YES;
				SWIFT_EMIT_LOC_STRINGS = YES;
				SWIFT_VERSION = 5.0;
				TARGETED_DEVICE_FAMILY = 1;
			};
			name = Release;
		};
		832931EB2A84EF3C0002B308 /* Debug */ = {
			isa = XCBuildConfiguration;
			buildSettings = {
				ALWAYS_EMBED_SWIFT_STANDARD_LIBRARIES = YES;
				BUNDLE_LOADER = "$(TEST_HOST)";
				CODE_SIGN_STYLE = Automatic;
				CURRENT_PROJECT_VERSION = 1;
				DEVELOPMENT_TEAM = KMZPPZ6ZB8;
				GENERATE_INFOPLIST_FILE = YES;
				IPHONEOS_DEPLOYMENT_TARGET = 16.4;
				MARKETING_VERSION = 1.0;
				PRODUCT_BUNDLE_IDENTIFIER = "com.appfex.bnts-codeTests";
				PRODUCT_NAME = "$(TARGET_NAME)";
				SWIFT_EMIT_LOC_STRINGS = NO;
				SWIFT_VERSION = 5.0;
				TARGETED_DEVICE_FAMILY = "1,2";
				TEST_HOST = "$(BUILT_PRODUCTS_DIR)/bnts-code.app/$(BUNDLE_EXECUTABLE_FOLDER_PATH)/bnts-code";
			};
			name = Debug;
		};
		832931EC2A84EF3C0002B308 /* Release */ = {
			isa = XCBuildConfiguration;
			buildSettings = {
				ALWAYS_EMBED_SWIFT_STANDARD_LIBRARIES = YES;
				BUNDLE_LOADER = "$(TEST_HOST)";
				CODE_SIGN_STYLE = Automatic;
				CURRENT_PROJECT_VERSION = 1;
				DEVELOPMENT_TEAM = KMZPPZ6ZB8;
				GENERATE_INFOPLIST_FILE = YES;
				IPHONEOS_DEPLOYMENT_TARGET = 16.4;
				MARKETING_VERSION = 1.0;
				PRODUCT_BUNDLE_IDENTIFIER = "com.appfex.bnts-codeTests";
				PRODUCT_NAME = "$(TARGET_NAME)";
				SWIFT_EMIT_LOC_STRINGS = NO;
				SWIFT_VERSION = 5.0;
				TARGETED_DEVICE_FAMILY = "1,2";
				TEST_HOST = "$(BUILT_PRODUCTS_DIR)/bnts-code.app/$(BUNDLE_EXECUTABLE_FOLDER_PATH)/bnts-code";
			};
			name = Release;
		};
/* End XCBuildConfiguration section */

/* Begin XCConfigurationList section */
		832931B82A84EF3B0002B308 /* Build configuration list for PBXProject "bnts-code" */ = {
			isa = XCConfigurationList;
			buildConfigurations = (
				832931E52A84EF3C0002B308 /* Debug */,
				832931E62A84EF3C0002B308 /* Release */,
			);
			defaultConfigurationIsVisible = 0;
			defaultConfigurationName = Release;
		};
		832931E72A84EF3C0002B308 /* Build configuration list for PBXNativeTarget "bnts-code" */ = {
			isa = XCConfigurationList;
			buildConfigurations = (
				832931E82A84EF3C0002B308 /* Debug */,
				832931E92A84EF3C0002B308 /* Release */,
			);
			defaultConfigurationIsVisible = 0;
			defaultConfigurationName = Release;
		};
		832931EA2A84EF3C0002B308 /* Build configuration list for PBXNativeTarget "bnts-codeTests" */ = {
			isa = XCConfigurationList;
			buildConfigurations = (
				832931EB2A84EF3C0002B308 /* Debug */,
				832931EC2A84EF3C0002B308 /* Release */,
			);
			defaultConfigurationIsVisible = 0;
			defaultConfigurationName = Release;
		};
/* End XCConfigurationList section */

/* Begin XCRemoteSwiftPackageReference section */
		832931FF2A8509F30002B308 /* XCRemoteSwiftPackageReference "Kingfisher" */ = {
			isa = XCRemoteSwiftPackageReference;
			repositoryURL = "https://github.com/onevcat/Kingfisher.git";
			requirement = {
				kind = upToNextMajorVersion;
				minimumVersion = 7.0.0;
			};
		};
/* End XCRemoteSwiftPackageReference section */

/* Begin XCSwiftPackageProductDependency section */
		832931F72A84F0AC0002B308 /* CoreSDK */ = {
			isa = XCSwiftPackageProductDependency;
			productName = CoreSDK;
		};
		832932002A8509F40002B308 /* Kingfisher */ = {
			isa = XCSwiftPackageProductDependency;
			package = 832931FF2A8509F30002B308 /* XCRemoteSwiftPackageReference "Kingfisher" */;
			productName = Kingfisher;
		};
/* End XCSwiftPackageProductDependency section */
	};
	rootObject = 832931B52A84EF3B0002B308 /* Project object */;
}
